
Microsoft Visual Studio Solution File, Format Version 12.00
# Visual Studio Version 16
VisualStudioVersion = 16.0.28711.60
MinimumVisualStudioVersion = 10.0.40219.1
Project("{FAE04EC0-301F-11D3-BF4B-00C04F79EFBC}") = "NYSPUGDemoAPI", "NYSPUGDemoAPI\NYSPUGDemoAPI.csproj", "{455FFD1C-E3B6-4B00-A87A-A84C430CE1DD}"
EndProject
Global
	GlobalSection(SolutionConfigurationPlatforms) = preSolution
		Debug|Any CPU = Debug|Any CPU
		Release|Any CPU = Release|Any CPU
	EndGlobalSection
	GlobalSection(ProjectConfigurationPlatforms) = postSolution
		{455FFD1C-E3B6-4B00-A87A-A84C430CE1DD}.Debug|Any CPU.ActiveCfg = Debug|Any CPU
		{455FFD1C-E3B6-4B00-A87A-A84C430CE1DD}.Debug|Any CPU.Build.0 = Debug|Any CPU
		{455FFD1C-E3B6-4B00-A87A-A84C430CE1DD}.Release|Any CPU.ActiveCfg = Release|Any CPU
		{455FFD1C-E3B6-4B00-A87A-A84C430CE1DD}.Release|Any CPU.Build.0 = Release|Any CPU
	EndGlobalSection
	GlobalSection(SolutionProperties) = preSolution
		HideSolutionNode = FALSE
	EndGlobalSection
	GlobalSection(ExtensibilityGlobals) = postSolution
		SolutionGuid = {1A383C30-7A1D-44A3-9739-3373E0A0A857}
	EndGlobalSection
EndGlobal
